
Microsoft Visual Studio Solution File, Format Version 12.00
# Visual Studio 15
VisualStudioVersion = 15.0.28307.1062
MinimumVisualStudioVersion = 10.0.40219.1
Project("{FAE04EC0-301F-11D3-BF4B-00C04F79EFBC}") = "WebApplication4", "WebApplication4\WebApplication4.csproj", "{3C54D651-8C41-40EB-9478-795F4FFBB2AB}"
EndProject
Global
	GlobalSection(SolutionConfigurationPlatforms) = preSolution
		Debug|Any CPU = Debug|Any CPU
		Release|Any CPU = Release|Any CPU
	EndGlobalSection
	GlobalSection(ProjectConfigurationPlatforms) = postSolution
		{3C54D651-8C41-40EB-9478-795F4FFBB2AB}.Debug|Any CPU.ActiveCfg = Debug|Any CPU
		{3C54D651-8C41-40EB-9478-795F4FFBB2AB}.Debug|Any CPU.Build.0 = Debug|Any CPU
		{3C54D651-8C41-40EB-9478-795F4FFBB2AB}.Release|Any CPU.ActiveCfg = Release|Any CPU
		{3C54D651-8C41-40EB-9478-795F4FFBB2AB}.Release|Any CPU.Build.0 = Release|Any CPU
	EndGlobalSection
	GlobalSection(SolutionProperties) = preSolution
		HideSolutionNode = FALSE
	EndGlobalSection
	GlobalSection(ExtensibilityGlobals) = postSolution
		SolutionGuid = {381CB0AD-442F-4061-96DE-BE7196BE0DEB}
	EndGlobalSection
EndGlobal
